{
  "name": "@miqro/parser",
  "version": "0.0.7",
  "lockfileVersion": 2,
  "requires": true,
  "packages": {
    "": {
      "name": "@miqro/parser",
      "version": "0.0.7",
      "license": "ISC",
      "devDependencies": {
        "@miqro/test": "0.0.12",
        "@types/node": "17.0.23",
        "typescript": "4.6.3"
      },
      "engines": {
        "node": ">=16.0.0",
        "npm": ">=6.0.0"
      }
    },
    "node_modules/@miqro/request": {
      "version": "0.0.7",
      "resolved": "https://registry.npmjs.org/@miqro/request/-/request-0.0.7.tgz",
      "integrity": "sha512-63jK7DWWRPCEI+2qPYOZyr53CYK2Vf161DaC/6TqZmtIdQ46kSN4Gk6ae2bzpWT/T69WF9+7SnJpHlARsOMDWQ==",
      "dev": true
    },
    "node_modules/@miqro/test": {
      "version": "0.0.12",
      "resolved": "https://registry.npmjs.org/@miqro/test/-/test-0.0.12.tgz",
      "integrity": "sha512-SXyPfJsjtbsJ6JGQsTwsYHAD2yQe4bfo3ZcRvzaYTWRNwLRkUM+8msUfX/efmr46kac806qC+SC/ors++VYGaA==",
      "dev": true,
      "dependencies": {
        "@miqro/request": "0.0.7",
        "uuid": "8.3.2"
      },
      "bin": {
        "miqro-test": "dist/cli.js",
        "test": "dist/cli.js"
      }
    },
    "node_modules/@types/node": {
      "version": "17.0.23",
      "resolved": "https://registry.npmjs.org/@types/node/-/node-17.0.23.tgz",
      "integrity": "sha512-UxDxWn7dl97rKVeVS61vErvw086aCYhDLyvRQZ5Rk65rZKepaFdm53GeqXaKBuOhED4e9uWq34IC3TdSdJJ2Gw==",
      "dev": true
    },
    "node_modules/typescript": {
      "version": "4.6.3",
      "resolved": "https://registry.npmjs.org/typescript/-/typescript-4.6.3.tgz",
      "integrity": "sha512-yNIatDa5iaofVozS/uQJEl3JRWLKKGJKh6Yaiv0GLGSuhpFJe7P3SbHZ8/yjAHRQwKRoA6YZqlfjXWmVzoVSMw==",
      "dev": true,
      "bin": {
        "tsc": "bin/tsc",
        "tsserver": "bin/tsserver"
      },
      "engines": {
        "node": ">=4.2.0"
      }
    },
    "node_modules/uuid": {
      "version": "8.3.2",
      "resolved": "https://registry.npmjs.org/uuid/-/uuid-8.3.2.tgz",
      "integrity": "sha512-+NYs2QeMWy+GWFOEm9xnn6HCDp0l7QBD7ml8zLUmJ+93Q5NF0NocErnwkTkXVFNiX3/fpC6afS8Dhb/gz7R7eg==",
      "dev": true,
      "bin": {
        "uuid": "dist/bin/uuid"
      }
    }
  },
  "dependencies": {
    "@miqro/request": {
      "version": "0.0.7",
      "resolved": "https://registry.npmjs.org/@miqro/request/-/request-0.0.7.tgz",
      "integrity": "sha512-63jK7DWWRPCEI+2qPYOZyr53CYK2Vf161DaC/6TqZmtIdQ46kSN4Gk6ae2bzpWT/T69WF9+7SnJpHlARsOMDWQ==",
      "dev": true
    },
    "@miqro/test": {
      "version": "0.0.12",
      "resolved": "https://registry.npmjs.org/@miqro/test/-/test-0.0.12.tgz",
      "integrity": "sha512-SXyPfJsjtbsJ6JGQsTwsYHAD2yQe4bfo3ZcRvzaYTWRNwLRkUM+8msUfX/efmr46kac806qC+SC/ors++VYGaA==",
      "dev": true,
      "requires": {
        "@miqro/request": "0.0.7",
        "uuid": "8.3.2"
      }
    },
    "@types/node": {
      "version": "17.0.23",
      "resolved": "https://registry.npmjs.org/@types/node/-/node-17.0.23.tgz",
      "integrity": "sha512-UxDxWn7dl97rKVeVS61vErvw086aCYhDLyvRQZ5Rk65rZKepaFdm53GeqXaKBuOhED4e9uWq34IC3TdSdJJ2Gw==",
      "dev": true
    },
    "typescript": {
      "version": "4.6.3",
      "resolved": "https://registry.npmjs.org/typescript/-/typescript-4.6.3.tgz",
      "integrity": "sha512-yNIatDa5iaofVozS/uQJEl3JRWLKKGJKh6Yaiv0GLGSuhpFJe7P3SbHZ8/yjAHRQwKRoA6YZqlfjXWmVzoVSMw==",
      "dev": true
    },
    "uuid": {
      "version": "8.3.2",
      "resolved": "https://registry.npmjs.org/uuid/-/uuid-8.3.2.tgz",
      "integrity": "sha512-+NYs2QeMWy+GWFOEm9xnn6HCDp0l7QBD7ml8zLUmJ+93Q5NF0NocErnwkTkXVFNiX3/fpC6afS8Dhb/gz7R7eg==",
      "dev": true
    }
  }
}
